
Microsoft Visual Studio Solution File, Format Version 12.00
# Visual Studio Version 16
VisualStudioVersion = 16.0.32510.428
MinimumVisualStudioVersion = 10.0.40219.1
Project("{FAE04EC0-301F-11D3-BF4B-00C04F79EFBC}") = "WinForm_maze_cw1", "WinForm_maze_cw1\WinForm_maze_cw1.csproj", "{7E0FD827-9654-47B1-BC39-95F3C7F2C886}"
EndProject
Global
	GlobalSection(SolutionConfigurationPlatforms) = preSolution
		Debug|Any CPU = Debug|Any CPU
		Release|Any CPU = Release|Any CPU
	EndGlobalSection
	GlobalSection(ProjectConfigurationPlatforms) = postSolution
		{7E0FD827-9654-47B1-BC39-95F3C7F2C886}.Debug|Any CPU.ActiveCfg = Debug|Any CPU
		{7E0FD827-9654-47B1-BC39-95F3C7F2C886}.Debug|Any CPU.Build.0 = Debug|Any CPU
		{7E0FD827-9654-47B1-BC39-95F3C7F2C886}.Release|Any CPU.ActiveCfg = Release|Any CPU
		{7E0FD827-9654-47B1-BC39-95F3C7F2C886}.Release|Any CPU.Build.0 = Release|Any CPU
	EndGlobalSection
	GlobalSection(SolutionProperties) = preSolution
		HideSolutionNode = FALSE
	EndGlobalSection
	GlobalSection(ExtensibilityGlobals) = postSolution
		SolutionGuid = {A8932F9F-1606-46F9-B258-61BD391991AF}
	EndGlobalSection
EndGlobal
